<?xml version="1.0" encoding="utf-8"?>
<Project ToolsVersion="4.0" xmlns="http://schemas.microsoft.com/developer/msbuild/2003">
  <ItemGroup>
    <ClCompile Include="src\IOEngine\DisplayManager\GDisplayManager\GDisplayManager.cpp" />
    <ClCompile Include="src\IOEngine\DisplayManager\glad.c" />
    <ClCompile Include="src\RenderEngine\RenderManager\GRenderManager\GRenderManager.cpp" />
    <ClCompile Include="src\IOEngine\Loaders\FileLoader\FileOpener.cpp" />
    <ClCompile Include="src\IOEngine\Loaders\ShaderLoader\ShaderLoader.cpp" />
    <ClCompile Include="src\DataEngine\DataManager\GDataManager\GDataManager.cpp" />
    <ClCompile Include="src\DataEngine\RDataRetriever\RDataRetriever.cpp" />
    <ClCompile Include="src\LogicEngine\Main.cpp" />
    <ClCompile Include="src\RenderEngine\Renderer\BaseRenderer\BaseRenderer.cpp" />
  </ItemGroup>
  <ItemGroup>
    <ClInclude Include="src\RenderEngine\Renderer\Renderer.h" />
    <ClInclude Include="src\IOEngine\DisplayManager\GDisplayManager\GDisplayManager.h" />
    <ClInclude Include="src\RenderEngine\RenderManager\GRenderManager\GRenderManager.h" />
    <ClInclude Include="src\RenderEngine\Interfaces\IShaderLoader.h" />
    <ClInclude Include="src\IOEngine\Loaders\ShaderLoader\ShaderLoader.h" />
    <ClInclude Include="src\IOEngine\Loaders\FileLoader\FileOpener.h" />
    <ClInclude Include="src\DataEngine\DataStructures\Model.h" />
    <ClInclude Include="src\DataEngine\DataStructures\Mesh.h" />
    <ClInclude Include="src\DataEngine\DataManager\GDataManager\GDataManager.h" />
    <ClInclude Include="src\DataEngine\RDataRetriever\RDataRetriever.h" />
    <ClInclude Include="src\RenderEngine\Interfaces\IDataRetriever.h" />
    <ClInclude Include="src\DataEngine\DataStructures\ModelTable.h" />
    <ClInclude Include="src\LogicEngine\Interfaces\IAIManager.h" />
    <ClInclude Include="src\LogicEngine\Interfaces\IDataManager.h" />
    <ClInclude Include="src\LogicEngine\Interfaces\IDisplayManager.h" />
    <ClInclude Include="src\LogicEngine\Interfaces\IPhysicsManager.h" />
    <ClInclude Include="src\LogicEngine\Interfaces\IRenderManager.h" />
    <ClInclude Include="src\RenderEngine\Renderer\BaseRenderer\BaseRenderer.h" />
  </ItemGroup>
  <ItemGroup>
    <None Include="rsc\baseShader\fragmentShader.glsl" />
    <None Include="rsc\baseShader\vertexShader.glsl" />
  </ItemGroup>
</Project>